
Microsoft Visual Studio Solution File, Format Version 12.00
# Visual Studio Version 17
VisualStudioVersion = 17.14.36908.2 d17.14
MinimumVisualStudioVersion = 10.0.40219.1
Project("{FAE04EC0-301F-11D3-BF4B-00C04F79EFBC}") = "Finance.WebAPI", "Finance.WebAPI\Finance.WebAPI.csproj", "{3E9E2454-F137-4C51-9B2B-28607D8EA8CC}"
EndProject
Project("{FAE04EC0-301F-11D3-BF4B-00C04F79EFBC}") = "Finance.Domain", "Finance.Domain\Finance.Domain.csproj", "{B11C61CB-32FA-47E5-A276-D14393CECF46}"
EndProject
Project("{FAE04EC0-301F-11D3-BF4B-00C04F79EFBC}") = "Finance.Application", "Finance.Application\Finance.Application.csproj", "{C4BBE4D7-AC5D-4973-ACFC-3DEC3DA9246B}"
EndProject
Project("{FAE04EC0-301F-11D3-BF4B-00C04F79EFBC}") = "Finance.Infrastructure", "Finance.Infrastructure\Finance.Infrastructure.csproj", "{3EE647F0-7B89-4BDA-B044-842E903DC9AA}"
EndProject
Global
	GlobalSection(SolutionConfigurationPlatforms) = preSolution
		Debug|Any CPU = Debug|Any CPU
		Release|Any CPU = Release|Any CPU
	EndGlobalSection
	GlobalSection(ProjectConfigurationPlatforms) = postSolution
		{3E9E2454-F137-4C51-9B2B-28607D8EA8CC}.Debug|Any CPU.ActiveCfg = Debug|Any CPU
		{3E9E2454-F137-4C51-9B2B-28607D8EA8CC}.Debug|Any CPU.Build.0 = Debug|Any CPU
		{3E9E2454-F137-4C51-9B2B-28607D8EA8CC}.Release|Any CPU.ActiveCfg = Release|Any CPU
		{3E9E2454-F137-4C51-9B2B-28607D8EA8CC}.Release|Any CPU.Build.0 = Release|Any CPU
		{B11C61CB-32FA-47E5-A276-D14393CECF46}.Debug|Any CPU.ActiveCfg = Debug|Any CPU
		{B11C61CB-32FA-47E5-A276-D14393CECF46}.Debug|Any CPU.Build.0 = Debug|Any CPU
		{B11C61CB-32FA-47E5-A276-D14393CECF46}.Release|Any CPU.ActiveCfg = Release|Any CPU
		{B11C61CB-32FA-47E5-A276-D14393CECF46}.Release|Any CPU.Build.0 = Release|Any CPU
		{C4BBE4D7-AC5D-4973-ACFC-3DEC3DA9246B}.Debug|Any CPU.ActiveCfg = Debug|Any CPU
		{C4BBE4D7-AC5D-4973-ACFC-3DEC3DA9246B}.Debug|Any CPU.Build.0 = Debug|Any CPU
		{C4BBE4D7-AC5D-4973-ACFC-3DEC3DA9246B}.Release|Any CPU.ActiveCfg = Release|Any CPU
		{C4BBE4D7-AC5D-4973-ACFC-3DEC3DA9246B}.Release|Any CPU.Build.0 = Release|Any CPU
		{3EE647F0-7B89-4BDA-B044-842E903DC9AA}.Debug|Any CPU.ActiveCfg = Debug|Any CPU
		{3EE647F0-7B89-4BDA-B044-842E903DC9AA}.Debug|Any CPU.Build.0 = Debug|Any CPU
		{3EE647F0-7B89-4BDA-B044-842E903DC9AA}.Release|Any CPU.ActiveCfg = Release|Any CPU
		{3EE647F0-7B89-4BDA-B044-842E903DC9AA}.Release|Any CPU.Build.0 = Release|Any CPU
	EndGlobalSection
	GlobalSection(SolutionProperties) = preSolution
		HideSolutionNode = FALSE
	EndGlobalSection
	GlobalSection(ExtensibilityGlobals) = postSolution
		SolutionGuid = {3B3486A9-37BA-4998-B1CA-97DB8E5A30C9}
	EndGlobalSection
EndGlobal
